// !$*UTF8*$!
{
	archiveVersion = 1;
	classes = {
	};
	objectVersion = 46;
	objects = {

/* Begin PBXBuildFile section */
		74BE39921C089D690099A4FC /* main.m in Sources */ = {isa = PBXBuildFile; fileRef = 74BE39911C089D690099A4FC /* main.m */; };
		74BE39951C089D690099A4FC /* AppDelegate.m in Sources */ = {isa = PBXBuildFile; fileRef = 74BE39941C089D690099A4FC /* AppDelegate.m */; };
		74BE39981C089D690099A4FC /* ViewController.m in Sources */ = {isa = PBXBuildFile; fileRef = 74BE39971C089D690099A4FC /* ViewController.m */; };
		74BE399D1C089D690099A4FC /* Assets.xcassets in Resources */ = {isa = PBXBuildFile; fileRef = 74BE399C1C089D690099A4FC /* Assets.xcassets */; };
		74BE39A01C089D690099A4FC /* LaunchScreen.storyboard in Resources */ = {isa = PBXBuildFile; fileRef = 74BE399E1C089D690099A4FC /* LaunchScreen.storyboard */; };
		74BE39AB1C089EF60099A4FC /* JLPagerTabLabelView.m in Sources */ = {isa = PBXBuildFile; fileRef = 74BE39AA1C089EF60099A4FC /* JLPagerTabLabelView.m */; };
		74BE39AE1C089F340099A4FC /* JLPagerTabBarView.m in Sources */ = {isa = PBXBuildFile; fileRef = 74BE39AD1C089F340099A4FC /* JLPagerTabBarView.m */; };
		74BE39B21C08A0BD0099A4FC /* JLPagerTabViewController.m in Sources */ = {isa = PBXBuildFile; fileRef = 74BE39B11C08A0BC0099A4FC /* JLPagerTabViewController.m */; };
/* End PBXBuildFile section */

/* Begin PBXFileReference section */
		74BE398D1C089D690099A4FC /* JLPagerTabView.app */ = {isa = PBXFileReference; explicitFileType = wrapper.application; includeInIndex = 0; path = JLPagerTabView.app; sourceTree = BUILT_PRODUCTS_DIR; };
		74BE39911C089D690099A4FC /* main.m */ = {isa = PBXFileReference; lastKnownFileType = sourcecode.c.objc; path = main.m; sourceTree = "<group>"; };
		74BE39931C089D690099A4FC /* AppDelegate.h */ = {isa = PBXFileReference; lastKnownFileType = sourcecode.c.h; path = AppDelegate.h; sourceTree = "<group>"; };
		74BE39941C089D690099A4FC /* AppDelegate.m */ = {isa = PBXFileReference; lastKnownFileType = sourcecode.c.objc; path = AppDelegate.m; sourceTree = "<group>"; };
		74BE39961C089D690099A4FC /* ViewController.h */ = {isa = PBXFileReference; lastKnownFileType = sourcecode.c.h; path = ViewController.h; sourceTree = "<group>"; };
		74BE39971C089D690099A4FC /* ViewController.m */ = {isa = PBXFileReference; lastKnownFileType = sourcecode.c.objc; path = ViewController.m; sourceTree = "<group>"; };
		74BE399C1C089D690099A4FC /* Assets.xcassets */ = {isa = PBXFileReference; lastKnownFileType = folder.assetcatalog; path = Assets.xcassets; sourceTree = "<group>"; };
		74BE399F1C089D690099A4FC /* Base */ = {isa = PBXFileReference; lastKnownFileType = file.storyboard; name = Base; path = Base.lproj/LaunchScreen.storyboard; sourceTree = "<group>"; };
		74BE39A11C089D690099A4FC /* Info.plist */ = {isa = PBXFileReference; lastKnownFileType = text.plist.xml; path = Info.plist; sourceTree = "<group>"; };
		74BE39A91C089EF60099A4FC /* JLPagerTabLabelView.h */ = {isa = PBXFileReference; fileEncoding = 4; lastKnownFileType = sourcecode.c.h; name = JLPagerTabLabelView.h; path = Classes/View/JLPagerTabLabelView.h; sourceTree = "<group>"; };
		74BE39AA1C089EF60099A4FC /* JLPagerTabLabelView.m */ = {isa = PBXFileReference; fileEncoding = 4; lastKnownFileType = sourcecode.c.objc; name = JLPagerTabLabelView.m; path = Classes/View/JLPagerTabLabelView.m; sourceTree = "<group>"; };
		74BE39AC1C089F340099A4FC /* JLPagerTabBarView.h */ = {isa = PBXFileReference; fileEncoding = 4; lastKnownFileType = sourcecode.c.h; path = JLPagerTabBarView.h; sourceTree = "<group>"; };
		74BE39AD1C089F340099A4FC /* JLPagerTabBarView.m */ = {isa = PBXFileReference; fileEncoding = 4; lastKnownFileType = sourcecode.c.objc; path = JLPagerTabBarView.m; sourceTree = "<group>"; };
		74BE39B01C08A0BC0099A4FC /* JLPagerTabViewController.h */ = {isa = PBXFileReference; fileEncoding = 4; lastKnownFileType = sourcecode.c.h; name = JLPagerTabViewController.h; path = Classes/Controller/JLPagerTabViewController.h; sourceTree = "<group>"; };
		74BE39B11C08A0BC0099A4FC /* JLPagerTabViewController.m */ = {isa = PBXFileReference; fileEncoding = 4; lastKnownFileType = sourcecode.c.objc; name = JLPagerTabViewController.m; path = Classes/Controller/JLPagerTabViewController.m; sourceTree = "<group>"; };
/* End PBXFileReference section */

/* Begin PBXFrameworksBuildPhase section */
		74BE398A1C089D690099A4FC /* Frameworks */ = {
			isa = PBXFrameworksBuildPhase;
			buildActionMask = 2147483647;
			files = (
			);
			runOnlyForDeploymentPostprocessing = 0;
		};
/* End PBXFrameworksBuildPhase section */

/* Begin PBXGroup section */
		74BE39841C089D690099A4FC = {
			isa = PBXGroup;
			children = (
				74BE398F1C089D690099A4FC /* JLPagerTabView */,
				74BE398E1C089D690099A4FC /* Products */,
			);
			sourceTree = "<group>";
		};
		74BE398E1C089D690099A4FC /* Products */ = {
			isa = PBXGroup;
			children = (
				74BE398D1C089D690099A4FC /* JLPagerTabView.app */,
			);
			name = Products;
			sourceTree = "<group>";
		};
		74BE398F1C089D690099A4FC /* JLPagerTabView */ = {
			isa = PBXGroup;
			children = (
				74BE39A81C089E720099A4FC /* Classes */,
				74BE39931C089D690099A4FC /* AppDelegate.h */,
				74BE39941C089D690099A4FC /* AppDelegate.m */,
				74BE39961C089D690099A4FC /* ViewController.h */,
				74BE39971C089D690099A4FC /* ViewController.m */,
				74BE399C1C089D690099A4FC /* Assets.xcassets */,
				74BE399E1C089D690099A4FC /* LaunchScreen.storyboard */,
				74BE39A11C089D690099A4FC /* Info.plist */,
				74BE39901C089D690099A4FC /* Supporting Files */,
			);
			path = JLPagerTabView;
			sourceTree = "<group>";
		};
		74BE39901C089D690099A4FC /* Supporting Files */ = {
			isa = PBXGroup;
			children = (
				74BE39911C089D690099A4FC /* main.m */,
			);
			name = "Supporting Files";
			sourceTree = "<group>";
		};
		74BE39A71C089DD10099A4FC /* View */ = {
			isa = PBXGroup;
			children = (
				74BE39A91C089EF60099A4FC /* JLPagerTabLabelView.h */,
				74BE39AA1C089EF60099A4FC /* JLPagerTabLabelView.m */,
				74BE39AC1C089F340099A4FC /* JLPagerTabBarView.h */,
				74BE39AD1C089F340099A4FC /* JLPagerTabBarView.m */,
			);
			name = View;
			sourceTree = "<group>";
		};
		74BE39A81C089E720099A4FC /* Classes */ = {
			isa = PBXGroup;
			children = (
				74BE39AF1C08A0900099A4FC /* Controller */,
				74BE39A71C089DD10099A4FC /* View */,
			);
			name = Classes;
			sourceTree = "<group>";
		};
		74BE39AF1C08A0900099A4FC /* Controller */ = {
			isa = PBXGroup;
			children = (
				74BE39B01C08A0BC0099A4FC /* JLPagerTabViewController.h */,
				74BE39B11C08A0BC0099A4FC /* JLPagerTabViewController.m */,
			);
			name = Controller;
			sourceTree = "<group>";
		};
/* End PBXGroup section */

/* Begin PBXNativeTarget section */
		74BE398C1C089D690099A4FC /* JLPagerTabView */ = {
			isa = PBXNativeTarget;
			buildConfigurationList = 74BE39A41C089D690099A4FC /* Build configuration list for PBXNativeTarget "JLPagerTabView" */;
			buildPhases = (
				74BE39891C089D690099A4FC /* Sources */,
				74BE398A1C089D690099A4FC /* Frameworks */,
				74BE398B1C089D690099A4FC /* Resources */,
			);
			buildRules = (
			);
			dependencies = (
			);
			name = JLPagerTabView;
			productName = JLPagerTabView;
			productReference = 74BE398D1C089D690099A4FC /* JLPagerTabView.app */;
			productType = "com.apple.product-type.application";
		};
/* End PBXNativeTarget section */

/* Begin PBXProject section */
		74BE39851C089D690099A4FC /* Project object */ = {
			isa = PBXProject;
			attributes = {
				LastUpgradeCheck = 0800;
				ORGANIZATIONNAME = H.I.T.;
				TargetAttributes = {
					74BE398C1C089D690099A4FC = {
						CreatedOnToolsVersion = 7.1.1;
						DevelopmentTeam = E4UPC35Z5N;
					};
				};
			};
			buildConfigurationList = 74BE39881C089D690099A4FC /* Build configuration list for PBXProject "JLPagerTabView" */;
			compatibilityVersion = "Xcode 3.2";
			developmentRegion = English;
			hasScannedForEncodings = 0;
			knownRegions = (
				en,
				Base,
			);
			mainGroup = 74BE39841C089D690099A4FC;
			productRefGroup = 74BE398E1C089D690099A4FC /* Products */;
			projectDirPath = "";
			projectRoot = "";
			targets = (
				74BE398C1C089D690099A4FC /* JLPagerTabView */,
			);
		};
/* End PBXProject section */

/* Begin PBXResourcesBuildPhase section */
		74BE398B1C089D690099A4FC /* Resources */ = {
			isa = PBXResourcesBuildPhase;
			buildActionMask = 2147483647;
			files = (
				74BE39A01C089D690099A4FC /* LaunchScreen.storyboard in Resources */,
				74BE399D1C089D690099A4FC /* Assets.xcassets in Resources */,
			);
			runOnlyForDeploymentPostprocessing = 0;
		};
/* End PBXResourcesBuildPhase section */

/* Begin PBXSourcesBuildPhase section */
		74BE39891C089D690099A4FC /* Sources */ = {
			isa = PBXSourcesBuildPhase;
			buildActionMask = 2147483647;
			files = (
				74BE39981C089D690099A4FC /* ViewController.m in Sources */,
				74BE39951C089D690099A4FC /* AppDelegate.m in Sources */,
				74BE39921C089D690099A4FC /* main.m in Sources */,
				74BE39AB1C089EF60099A4FC /* JLPagerTabLabelView.m in Sources */,
				74BE39B21C08A0BD0099A4FC /* JLPagerTabViewController.m in Sources */,
				74BE39AE1C089F340099A4FC /* JLPagerTabBarView.m in Sources */,
			);
			runOnlyForDeploymentPostprocessing = 0;
		};
/* End PBXSourcesBuildPhase section */

/* Begin PBXVariantGroup section */
		74BE399E1C089D690099A4FC /* LaunchScreen.storyboard */ = {
			isa = PBXVariantGroup;
			children = (
				74BE399F1C089D690099A4FC /* Base */,
			);
			name = LaunchScreen.storyboard;
			sourceTree = "<group>";
		};
/* End PBXVariantGroup section */

/* Begin XCBuildConfiguration section */
		74BE39A21C089D690099A4FC /* Debug */ = {
			isa = XCBuildConfiguration;
			buildSettings = {
				ALWAYS_SEARCH_USER_PATHS = NO;
				CLANG_CXX_LANGUAGE_STANDARD = "gnu++0x";
				CLANG_CXX_LIBRARY = "libc++";
				CLANG_ENABLE_MODULES = YES;
				CLANG_ENABLE_OBJC_ARC = YES;
				CLANG_WARN_BOOL_CONVERSION = YES;
				CLANG_WARN_CONSTANT_CONVERSION = YES;
				CLANG_WARN_DIRECT_OBJC_ISA_USAGE = YES_ERROR;
				CLANG_WARN_EMPTY_BODY = YES;
				CLANG_WARN_ENUM_CONVERSION = YES;
				CLANG_WARN_INFINITE_RECURSION = YES;
				CLANG_WARN_INT_CONVERSION = YES;
				CLANG_WARN_OBJC_ROOT_CLASS = YES_ERROR;
				CLANG_WARN_SUSPICIOUS_MOVE = YES;
				CLANG_WARN_UNREACHABLE_CODE = YES;
				CLANG_WARN__DUPLICATE_METHOD_MATCH = YES;
				"CODE_SIGN_IDENTITY[sdk=iphoneos*]" = "iPhone Developer";
				COPY_PHASE_STRIP = NO;
				DEBUG_INFORMATION_FORMAT = dwarf;
				ENABLE_STRICT_OBJC_MSGSEND = YES;
				ENABLE_TESTABILITY = YES;
				GCC_C_LANGUAGE_STANDARD = gnu99;
				GCC_DYNAMIC_NO_PIC = NO;
				GCC_NO_COMMON_BLOCKS = YES;
				GCC_OPTIMIZATION_LEVEL = 0;
				GCC_PREPROCESSOR_DEFINITIONS = (
					"DEBUG=1",
					"$(inherited)",
				);
				GCC_WARN_64_TO_32_BIT_CONVERSION = YES;
				GCC_WARN_ABOUT_RETURN_TYPE = YES_ERROR;
				GCC_WARN_UNDECLARED_SELECTOR = YES;
				GCC_WARN_UNINITIALIZED_AUTOS = YES_AGGRESSIVE;
				GCC_WARN_UNUSED_FUNCTION = YES;
				GCC_WARN_UNUSED_VARIABLE = YES;
				IPHONEOS_DEPLOYMENT_TARGET = 9.1;
				MTL_ENABLE_DEBUG_INFO = YES;
				ONLY_ACTIVE_ARCH = YES;
				SDKROOT = iphoneos;
			};
			name = Debug;
		};
		74BE39A31C089D690099A4FC /* Release */ = {
			isa = XCBuildConfiguration;
			buildSettings = {
				ALWAYS_SEARCH_USER_PATHS = NO;
				CLANG_CXX_LANGUAGE_STANDARD = "gnu++0x";
				CLANG_CXX_LIBRARY = "libc++";
				CLANG_ENABLE_MODULES = YES;
				CLANG_ENABLE_OBJC_ARC = YES;
				CLANG_WARN_BOOL_CONVERSION = YES;
				CLANG_WARN_CONSTANT_CONVERSION = YES;
				CLANG_WARN_DIRECT_OBJC_ISA_USAGE = YES_ERROR;
				CLANG_WARN_EMPTY_BODY = YES;
				CLANG_WARN_ENUM_CONVERSION = YES;
				CLANG_WARN_INFINITE_RECURSION = YES;
				CLANG_WARN_INT_CONVERSION = YES;
				CLANG_WARN_OBJC_ROOT_CLASS = YES_ERROR;
				CLANG_WARN_SUSPICIOUS_MOVE = YES;
				CLANG_WARN_UNREACHABLE_CODE = YES;
				CLANG_WARN__DUPLICATE_METHOD_MATCH = YES;
				"CODE_SIGN_IDENTITY[sdk=iphoneos*]" = "iPhone Developer";
				COPY_PHASE_STRIP = NO;
				DEBUG_INFORMATION_FORMAT = "dwarf-with-dsym";
				ENABLE_NS_ASSERTIONS = NO;
				ENABLE_STRICT_OBJC_MSGSEND = YES;
				GCC_C_LANGUAGE_STANDARD = gnu99;
				GCC_NO_COMMON_BLOCKS = YES;
				GCC_WARN_64_TO_32_BIT_CONVERSION = YES;
				GCC_WARN_ABOUT_RETURN_TYPE = YES_ERROR;
				GCC_WARN_UNDECLARED_SELECTOR = YES;
				GCC_WARN_UNINITIALIZED_AUTOS = YES_AGGRESSIVE;
				GCC_WARN_UNUSED_FUNCTION = YES;
				GCC_WARN_UNUSED_VARIABLE = YES;
				IPHONEOS_DEPLOYMENT_TARGET = 9.1;
				MTL_ENABLE_DEBUG_INFO = NO;
				SDKROOT = iphoneos;
				VALIDATE_PRODUCT = YES;
			};
			name = Release;
		};
		74BE39A51C089D690099A4FC /* Debug */ = {
			isa = XCBuildConfiguration;
			buildSettings = {
				ASSETCATALOG_COMPILER_APPICON_NAME = AppIcon;
				CODE_SIGN_IDENTITY = "iPhone Developer";
				INFOPLIST_FILE = JLPagerTabView/Info.plist;
				IPHONEOS_DEPLOYMENT_TARGET = 8.0;
				LD_RUNPATH_SEARCH_PATHS = "$(inherited) @executable_path/Frameworks";
				PRODUCT_BUNDLE_IDENTIFIER = com.byskyline.JLPagerTabView;
				PRODUCT_NAME = "$(TARGET_NAME)";
			};
			name = Debug;
		};
		74BE39A61C089D690099A4FC /* Release */ = {
			isa = XCBuildConfiguration;
			buildSettings = {
				ASSETCATALOG_COMPILER_APPICON_NAME = AppIcon;
				CODE_SIGN_IDENTITY = "iPhone Developer";
				INFOPLIST_FILE = JLPagerTabView/Info.plist;
				IPHONEOS_DEPLOYMENT_TARGET = 8.0;
				LD_RUNPATH_SEARCH_PATHS = "$(inherited) @executable_path/Frameworks";
				PRODUCT_BUNDLE_IDENTIFIER = com.byskyline.JLPagerTabView;
				PRODUCT_NAME = "$(TARGET_NAME)";
			};
			name = Release;
		};
/* End XCBuildConfiguration section */

/* Begin XCConfigurationList section */
		74BE39881C089D690099A4FC /* Build configuration list for PBXProject "JLPagerTabView" */ = {
			isa = XCConfigurationList;
			buildConfigurations = (
				74BE39A21C089D690099A4FC /* Debug */,
				74BE39A31C089D690099A4FC /* Release */,
			);
			defaultConfigurationIsVisible = 0;
			defaultConfigurationName = Release;
		};
		74BE39A41C089D690099A4FC /* Build configuration list for PBXNativeTarget "JLPagerTabView" */ = {
			isa = XCConfigurationList;
			buildConfigurations = (
				74BE39A51C089D690099A4FC /* Debug */,
				74BE39A61C089D690099A4FC /* Release */,
			);
			defaultConfigurationIsVisible = 0;
			defaultConfigurationName = Release;
		};
/* End XCConfigurationList section */
	};
	rootObject = 74BE39851C089D690099A4FC /* Project object */;
}
